
Microsoft Visual Studio Solution File, Format Version 12.00
# Visual Studio Version 17
VisualStudioVersion = 17.5.33516.290
MinimumVisualStudioVersion = 10.0.40219.1
Project("{9A19103F-16F7-4668-BE54-9A1E7A4F7556}") = "Welcome", "Welcome\Welcome.csproj", "{7BE740F7-34E5-406E-96D5-4806088FEA82}"
EndProject
Project("{9A19103F-16F7-4668-BE54-9A1E7A4F7556}") = "WelcomeExtended", "WelcomeExtended\WelcomeExtended.csproj", "{1518BA92-9791-4052-8E43-C112B1B30DE5}"
EndProject
Project("{9A19103F-16F7-4668-BE54-9A1E7A4F7556}") = "UI", "UI\UI.csproj", "{E7A194C9-A5E8-49AE-B4D3-BD3EEC41DB56}"
EndProject
Project("{FAE04EC0-301F-11D3-BF4B-00C04F79EFBC}") = "DataLayer", "DataLayer\DataLayer.csproj", "{532C5F99-6098-489D-B33D-0D3A64CD359B}"
EndProject
Global
	GlobalSection(SolutionConfigurationPlatforms) = preSolution
		Debug|Any CPU = Debug|Any CPU
		Release|Any CPU = Release|Any CPU
	EndGlobalSection
	GlobalSection(ProjectConfigurationPlatforms) = postSolution
		{7BE740F7-34E5-406E-96D5-4806088FEA82}.Debug|Any CPU.ActiveCfg = Debug|Any CPU
		{7BE740F7-34E5-406E-96D5-4806088FEA82}.Debug|Any CPU.Build.0 = Debug|Any CPU
		{7BE740F7-34E5-406E-96D5-4806088FEA82}.Release|Any CPU.ActiveCfg = Release|Any CPU
		{7BE740F7-34E5-406E-96D5-4806088FEA82}.Release|Any CPU.Build.0 = Release|Any CPU
		{1518BA92-9791-4052-8E43-C112B1B30DE5}.Debug|Any CPU.ActiveCfg = Debug|Any CPU
		{1518BA92-9791-4052-8E43-C112B1B30DE5}.Debug|Any CPU.Build.0 = Debug|Any CPU
		{1518BA92-9791-4052-8E43-C112B1B30DE5}.Release|Any CPU.ActiveCfg = Release|Any CPU
		{1518BA92-9791-4052-8E43-C112B1B30DE5}.Release|Any CPU.Build.0 = Release|Any CPU
		{E7A194C9-A5E8-49AE-B4D3-BD3EEC41DB56}.Debug|Any CPU.ActiveCfg = Debug|Any CPU
		{E7A194C9-A5E8-49AE-B4D3-BD3EEC41DB56}.Debug|Any CPU.Build.0 = Debug|Any CPU
		{E7A194C9-A5E8-49AE-B4D3-BD3EEC41DB56}.Release|Any CPU.ActiveCfg = Release|Any CPU
		{E7A194C9-A5E8-49AE-B4D3-BD3EEC41DB56}.Release|Any CPU.Build.0 = Release|Any CPU
		{532C5F99-6098-489D-B33D-0D3A64CD359B}.Debug|Any CPU.ActiveCfg = Debug|Any CPU
		{532C5F99-6098-489D-B33D-0D3A64CD359B}.Debug|Any CPU.Build.0 = Debug|Any CPU
		{532C5F99-6098-489D-B33D-0D3A64CD359B}.Release|Any CPU.ActiveCfg = Release|Any CPU
		{532C5F99-6098-489D-B33D-0D3A64CD359B}.Release|Any CPU.Build.0 = Release|Any CPU
	EndGlobalSection
	GlobalSection(SolutionProperties) = preSolution
		HideSolutionNode = FALSE
	EndGlobalSection
	GlobalSection(ExtensibilityGlobals) = postSolution
		SolutionGuid = {B9781734-0B24-48F6-AF68-A611CEF0F157}
	EndGlobalSection
EndGlobal
